
Microsoft Visual Studio Solution File, Format Version 12.00
# Visual Studio Version 17
VisualStudioVersion = 17.5.33516.290
MinimumVisualStudioVersion = 10.0.40219.1
Project("{FAE04EC0-301F-11D3-BF4B-00C04F79EFBC}") = "TDE_JSON", "TDE_JSON\TDE_JSON.csproj", "{EDA7392C-17F7-4D59-9DC6-0DCC91B73463}"
EndProject
Global
	GlobalSection(SolutionConfigurationPlatforms) = preSolution
		Debug|Any CPU = Debug|Any CPU
		Release|Any CPU = Release|Any CPU
	EndGlobalSection
	GlobalSection(ProjectConfigurationPlatforms) = postSolution
		{EDA7392C-17F7-4D59-9DC6-0DCC91B73463}.Debug|Any CPU.ActiveCfg = Debug|Any CPU
		{EDA7392C-17F7-4D59-9DC6-0DCC91B73463}.Debug|Any CPU.Build.0 = Debug|Any CPU
		{EDA7392C-17F7-4D59-9DC6-0DCC91B73463}.Release|Any CPU.ActiveCfg = Release|Any CPU
		{EDA7392C-17F7-4D59-9DC6-0DCC91B73463}.Release|Any CPU.Build.0 = Release|Any CPU
	EndGlobalSection
	GlobalSection(SolutionProperties) = preSolution
		HideSolutionNode = FALSE
	EndGlobalSection
	GlobalSection(ExtensibilityGlobals) = postSolution
		SolutionGuid = {FBF04AFA-B72A-4A8C-84BB-845123FE7030}
	EndGlobalSection
EndGlobal
